
Microsoft Visual Studio Solution File, Format Version 12.00
# Visual Studio Version 16
VisualStudioVersion = 16.0.31702.278
MinimumVisualStudioVersion = 10.0.40219.1
Project("{FAE04EC0-301F-11D3-BF4B-00C04F79EFBC}") = "2ktask4", "2ktask4\2ktask4.csproj", "{FF464AF5-DBBA-49D0-8917-F9A6F5FC5AE5}"
EndProject
Global
	GlobalSection(SolutionConfigurationPlatforms) = preSolution
		Debug|Any CPU = Debug|Any CPU
		Release|Any CPU = Release|Any CPU
	EndGlobalSection
	GlobalSection(ProjectConfigurationPlatforms) = postSolution
		{FF464AF5-DBBA-49D0-8917-F9A6F5FC5AE5}.Debug|Any CPU.ActiveCfg = Debug|Any CPU
		{FF464AF5-DBBA-49D0-8917-F9A6F5FC5AE5}.Debug|Any CPU.Build.0 = Debug|Any CPU
		{FF464AF5-DBBA-49D0-8917-F9A6F5FC5AE5}.Release|Any CPU.ActiveCfg = Release|Any CPU
		{FF464AF5-DBBA-49D0-8917-F9A6F5FC5AE5}.Release|Any CPU.Build.0 = Release|Any CPU
	EndGlobalSection
	GlobalSection(SolutionProperties) = preSolution
		HideSolutionNode = FALSE
	EndGlobalSection
	GlobalSection(ExtensibilityGlobals) = postSolution
		SolutionGuid = {B67E2515-B411-4367-81D6-98F40977B94C}
	EndGlobalSection
EndGlobal
